
Microsoft Visual Studio Solution File, Format Version 12.00
# Visual Studio Version 17
VisualStudioVersion = 17.4.32804.182
MinimumVisualStudioVersion = 10.0.40219.1
Project("{9A19103F-16F7-4668-BE54-9A1E7A4F7556}") = "Challange", "Challange\Challange.csproj", "{7FC4EEF4-3AAD-46DD-95AA-C95E5911D1E7}"
EndProject
Project("{E53339B2-1760-4266-BCC7-CA923CBCF16C}") = "docker-compose", "docker-compose.dcproj", "{8F16A743-6133-47FD-A9FF-09649ADDDA68}"
EndProject
Project("{FAE04EC0-301F-11D3-BF4B-00C04F79EFBC}") = "GeoCodificador", "GeoCodificador\GeoCodificador.csproj", "{B5A82208-2891-49E0-92EF-DD6638EC7485}"
EndProject
Global
	GlobalSection(SolutionConfigurationPlatforms) = preSolution
		Debug|Any CPU = Debug|Any CPU
		Release|Any CPU = Release|Any CPU
	EndGlobalSection
	GlobalSection(ProjectConfigurationPlatforms) = postSolution
		{7FC4EEF4-3AAD-46DD-95AA-C95E5911D1E7}.Debug|Any CPU.ActiveCfg = Debug|Any CPU
		{7FC4EEF4-3AAD-46DD-95AA-C95E5911D1E7}.Debug|Any CPU.Build.0 = Debug|Any CPU
		{7FC4EEF4-3AAD-46DD-95AA-C95E5911D1E7}.Release|Any CPU.ActiveCfg = Release|Any CPU
		{7FC4EEF4-3AAD-46DD-95AA-C95E5911D1E7}.Release|Any CPU.Build.0 = Release|Any CPU
		{8F16A743-6133-47FD-A9FF-09649ADDDA68}.Debug|Any CPU.ActiveCfg = Debug|Any CPU
		{8F16A743-6133-47FD-A9FF-09649ADDDA68}.Debug|Any CPU.Build.0 = Debug|Any CPU
		{8F16A743-6133-47FD-A9FF-09649ADDDA68}.Release|Any CPU.ActiveCfg = Release|Any CPU
		{8F16A743-6133-47FD-A9FF-09649ADDDA68}.Release|Any CPU.Build.0 = Release|Any CPU
		{B5A82208-2891-49E0-92EF-DD6638EC7485}.Debug|Any CPU.ActiveCfg = Debug|Any CPU
		{B5A82208-2891-49E0-92EF-DD6638EC7485}.Debug|Any CPU.Build.0 = Debug|Any CPU
		{B5A82208-2891-49E0-92EF-DD6638EC7485}.Release|Any CPU.ActiveCfg = Release|Any CPU
		{B5A82208-2891-49E0-92EF-DD6638EC7485}.Release|Any CPU.Build.0 = Release|Any CPU
	EndGlobalSection
	GlobalSection(SolutionProperties) = preSolution
		HideSolutionNode = FALSE
	EndGlobalSection
	GlobalSection(ExtensibilityGlobals) = postSolution
		SolutionGuid = {74D1F9F4-3AC8-45C7-97A5-0E9696A9939C}
	EndGlobalSection
EndGlobal
